
Microsoft Visual Studio Solution File, Format Version 12.00
# Visual Studio Version 16
VisualStudioVersion = 16.0.31025.194
MinimumVisualStudioVersion = 10.0.40219.1
Project("{FAE04EC0-301F-11D3-BF4B-00C04F79EFBC}") = "VendingMachineApp", "VendingMachineApp\VendingMachineApp.csproj", "{2366A7E2-3D05-4D13-9E10-ECADC46CB9DE}"
EndProject
Project("{FAE04EC0-301F-11D3-BF4B-00C04F79EFBC}") = "VendingMachineApp.Test", "VendingMachineApp.Test\VendingMachineApp.Test.csproj", "{791343A3-840E-4160-9900-3E890E7A5C0C}"
EndProject
Global
	GlobalSection(SolutionConfigurationPlatforms) = preSolution
		Debug|Any CPU = Debug|Any CPU
		Release|Any CPU = Release|Any CPU
	EndGlobalSection
	GlobalSection(ProjectConfigurationPlatforms) = postSolution
		{2366A7E2-3D05-4D13-9E10-ECADC46CB9DE}.Debug|Any CPU.ActiveCfg = Debug|Any CPU
		{2366A7E2-3D05-4D13-9E10-ECADC46CB9DE}.Debug|Any CPU.Build.0 = Debug|Any CPU
		{2366A7E2-3D05-4D13-9E10-ECADC46CB9DE}.Release|Any CPU.ActiveCfg = Release|Any CPU
		{2366A7E2-3D05-4D13-9E10-ECADC46CB9DE}.Release|Any CPU.Build.0 = Release|Any CPU
		{791343A3-840E-4160-9900-3E890E7A5C0C}.Debug|Any CPU.ActiveCfg = Debug|Any CPU
		{791343A3-840E-4160-9900-3E890E7A5C0C}.Debug|Any CPU.Build.0 = Debug|Any CPU
		{791343A3-840E-4160-9900-3E890E7A5C0C}.Release|Any CPU.ActiveCfg = Release|Any CPU
		{791343A3-840E-4160-9900-3E890E7A5C0C}.Release|Any CPU.Build.0 = Release|Any CPU
	EndGlobalSection
	GlobalSection(SolutionProperties) = preSolution
		HideSolutionNode = FALSE
	EndGlobalSection
	GlobalSection(ExtensibilityGlobals) = postSolution
		SolutionGuid = {6C3AC007-33C4-4B6E-B2FB-9B612F883786}
	EndGlobalSection
EndGlobal
